
Microsoft Visual Studio Solution File, Format Version 12.00
# Visual Studio Version 16
VisualStudioVersion = 16.0.29728.190
MinimumVisualStudioVersion = 10.0.40219.1
Project("{FAE04EC0-301F-11D3-BF4B-00C04F79EFBC}") = "TravelExpertsClientPage", "TravelExpertsClientPage\TravelExpertsClientPage.csproj", "{B7C09EE1-AE8D-4F9E-BDC8-9E95461B7A07}"
EndProject
Global
	GlobalSection(SolutionConfigurationPlatforms) = preSolution
		Debug|Any CPU = Debug|Any CPU
		Release|Any CPU = Release|Any CPU
	EndGlobalSection
	GlobalSection(ProjectConfigurationPlatforms) = postSolution
		{B7C09EE1-AE8D-4F9E-BDC8-9E95461B7A07}.Debug|Any CPU.ActiveCfg = Debug|Any CPU
		{B7C09EE1-AE8D-4F9E-BDC8-9E95461B7A07}.Debug|Any CPU.Build.0 = Debug|Any CPU
		{B7C09EE1-AE8D-4F9E-BDC8-9E95461B7A07}.Release|Any CPU.ActiveCfg = Release|Any CPU
		{B7C09EE1-AE8D-4F9E-BDC8-9E95461B7A07}.Release|Any CPU.Build.0 = Release|Any CPU
	EndGlobalSection
	GlobalSection(SolutionProperties) = preSolution
		HideSolutionNode = FALSE
	EndGlobalSection
	GlobalSection(ExtensibilityGlobals) = postSolution
		SolutionGuid = {E00E59CA-ED97-4F80-BBD7-1AADDA378739}
	EndGlobalSection
EndGlobal
